
Microsoft Visual Studio Solution File, Format Version 12.00
# Visual Studio Version 17
VisualStudioVersion = 17.0.31903.59
MinimumVisualStudioVersion = 10.0.40219.1
Project("{FAE04EC0-301F-11D3-BF4B-00C04F79EFBC}") = "API", "API\API.csproj", "{8F38D6BB-31D9-42DA-B339-F9AF510EE66B}"
EndProject
Project("{FAE04EC0-301F-11D3-BF4B-00C04F79EFBC}") = "Core", "Core\Core.csproj", "{D7F2A0F0-AC01-4777-9E2D-1C04F22B0718}"
EndProject
Project("{FAE04EC0-301F-11D3-BF4B-00C04F79EFBC}") = "Infrastructure", "Infrastructure\Infrastructure.csproj", "{FDEC7F3E-2BDB-48F5-BE1D-F060886A4E7F}"
EndProject
Global
	GlobalSection(SolutionConfigurationPlatforms) = preSolution
		Debug|Any CPU = Debug|Any CPU
		Release|Any CPU = Release|Any CPU
	EndGlobalSection
	GlobalSection(SolutionProperties) = preSolution
		HideSolutionNode = FALSE
	EndGlobalSection
	GlobalSection(ProjectConfigurationPlatforms) = postSolution
		{8F38D6BB-31D9-42DA-B339-F9AF510EE66B}.Debug|Any CPU.ActiveCfg = Debug|Any CPU
		{8F38D6BB-31D9-42DA-B339-F9AF510EE66B}.Debug|Any CPU.Build.0 = Debug|Any CPU
		{8F38D6BB-31D9-42DA-B339-F9AF510EE66B}.Release|Any CPU.ActiveCfg = Release|Any CPU
		{8F38D6BB-31D9-42DA-B339-F9AF510EE66B}.Release|Any CPU.Build.0 = Release|Any CPU
		{D7F2A0F0-AC01-4777-9E2D-1C04F22B0718}.Debug|Any CPU.ActiveCfg = Debug|Any CPU
		{D7F2A0F0-AC01-4777-9E2D-1C04F22B0718}.Debug|Any CPU.Build.0 = Debug|Any CPU
		{D7F2A0F0-AC01-4777-9E2D-1C04F22B0718}.Release|Any CPU.ActiveCfg = Release|Any CPU
		{D7F2A0F0-AC01-4777-9E2D-1C04F22B0718}.Release|Any CPU.Build.0 = Release|Any CPU
		{FDEC7F3E-2BDB-48F5-BE1D-F060886A4E7F}.Debug|Any CPU.ActiveCfg = Debug|Any CPU
		{FDEC7F3E-2BDB-48F5-BE1D-F060886A4E7F}.Debug|Any CPU.Build.0 = Debug|Any CPU
		{FDEC7F3E-2BDB-48F5-BE1D-F060886A4E7F}.Release|Any CPU.ActiveCfg = Release|Any CPU
		{FDEC7F3E-2BDB-48F5-BE1D-F060886A4E7F}.Release|Any CPU.Build.0 = Release|Any CPU
	EndGlobalSection
EndGlobal
